# THIS IS AN AUTOGENERATED FILE. DO NOT EDIT THIS FILE DIRECTLY.
# yarn lockfile v1


localStorage@^1.0.4:
  version "1.0.4"
  resolved "https://registry.yarnpkg.com/localStorage/-/localStorage-1.0.4.tgz#57dfa28084385f81431accb8ae24b196398223f7"
  integrity sha512-r35zrihcDiX+dqWlJSeIwS9nrF95OQTgqMFm3FB2D/+XgdmZtcutZOb7t0xXkhOEM8a9kpuu7cc28g1g36I5DQ==
